
Microsoft Visual Studio Solution File, Format Version 12.00
# Visual Studio 15
VisualStudioVersion = 15.0.27703.2000
MinimumVisualStudioVersion = 10.0.40219.1
Project("{FAE04EC0-301F-11D3-BF4B-00C04F79EFBC}") = "Wandrr", "Wandrr\Wandrr.csproj", "{DF234846-B2A4-4C1D-BB0A-E60B55FCCE5A}"
EndProject
Global
	GlobalSection(SolutionConfigurationPlatforms) = preSolution
		Debug|Any CPU = Debug|Any CPU
		Release|Any CPU = Release|Any CPU
	EndGlobalSection
	GlobalSection(ProjectConfigurationPlatforms) = postSolution
		{DF234846-B2A4-4C1D-BB0A-E60B55FCCE5A}.Debug|Any CPU.ActiveCfg = Debug|Any CPU
		{DF234846-B2A4-4C1D-BB0A-E60B55FCCE5A}.Debug|Any CPU.Build.0 = Debug|Any CPU
		{DF234846-B2A4-4C1D-BB0A-E60B55FCCE5A}.Release|Any CPU.ActiveCfg = Release|Any CPU
		{DF234846-B2A4-4C1D-BB0A-E60B55FCCE5A}.Release|Any CPU.Build.0 = Release|Any CPU
	EndGlobalSection
	GlobalSection(SolutionProperties) = preSolution
		HideSolutionNode = FALSE
	EndGlobalSection
	GlobalSection(ExtensibilityGlobals) = postSolution
		SolutionGuid = {C1EC189A-9A0A-4E66-B7F3-AE69157D30EB}
	EndGlobalSection
EndGlobal
