
Microsoft Visual Studio Solution File, Format Version 12.00
# Visual Studio 15
VisualStudioVersion = 15.0.27703.2035
MinimumVisualStudioVersion = 10.0.40219.1
Project("{FAE04EC0-301F-11D3-BF4B-00C04F79EFBC}") = "MacrotisOrientationExam", "MacrotisOrientationExam\MacrotisOrientationExam.csproj", "{A81526BD-B256-415C-A036-4A49F66DE0D9}"
EndProject
Global
	GlobalSection(SolutionConfigurationPlatforms) = preSolution
		Debug|Any CPU = Debug|Any CPU
		Release|Any CPU = Release|Any CPU
	EndGlobalSection
	GlobalSection(ProjectConfigurationPlatforms) = postSolution
		{A81526BD-B256-415C-A036-4A49F66DE0D9}.Debug|Any CPU.ActiveCfg = Debug|Any CPU
		{A81526BD-B256-415C-A036-4A49F66DE0D9}.Debug|Any CPU.Build.0 = Debug|Any CPU
		{A81526BD-B256-415C-A036-4A49F66DE0D9}.Release|Any CPU.ActiveCfg = Release|Any CPU
		{A81526BD-B256-415C-A036-4A49F66DE0D9}.Release|Any CPU.Build.0 = Release|Any CPU
	EndGlobalSection
	GlobalSection(SolutionProperties) = preSolution
		HideSolutionNode = FALSE
	EndGlobalSection
	GlobalSection(ExtensibilityGlobals) = postSolution
		SolutionGuid = {00AF5C58-972A-41B6-81CE-B4C94AC49888}
	EndGlobalSection
EndGlobal
