
Microsoft Visual Studio Solution File, Format Version 12.00
# Visual Studio 15
VisualStudioVersion = 15.0.27703.2000
MinimumVisualStudioVersion = 10.0.40219.1
Project("{FAE04EC0-301F-11D3-BF4B-00C04F79EFBC}") = "Inheritance1", "Inheritance1\Inheritance1.csproj", "{B8207DC7-3544-4EC0-B61F-433EA213441D}"
EndProject
Global
	GlobalSection(SolutionConfigurationPlatforms) = preSolution
		Debug|Any CPU = Debug|Any CPU
		Release|Any CPU = Release|Any CPU
	EndGlobalSection
	GlobalSection(ProjectConfigurationPlatforms) = postSolution
		{B8207DC7-3544-4EC0-B61F-433EA213441D}.Debug|Any CPU.ActiveCfg = Debug|Any CPU
		{B8207DC7-3544-4EC0-B61F-433EA213441D}.Debug|Any CPU.Build.0 = Debug|Any CPU
		{B8207DC7-3544-4EC0-B61F-433EA213441D}.Release|Any CPU.ActiveCfg = Release|Any CPU
		{B8207DC7-3544-4EC0-B61F-433EA213441D}.Release|Any CPU.Build.0 = Release|Any CPU
	EndGlobalSection
	GlobalSection(SolutionProperties) = preSolution
		HideSolutionNode = FALSE
	EndGlobalSection
	GlobalSection(ExtensibilityGlobals) = postSolution
		SolutionGuid = {39850E4D-33CA-4B8E-AA32-CC8C093BC336}
	EndGlobalSection
EndGlobal
