
Microsoft Visual Studio Solution File, Format Version 12.00
# Visual Studio 15
VisualStudioVersion = 15.0.27703.2000
MinimumVisualStudioVersion = 10.0.40219.1
Project("{FAE04EC0-301F-11D3-BF4B-00C04F79EFBC}") = "ConsoleApp46", "ConsoleApp46\ConsoleApp46.csproj", "{7E66D855-4FAC-4A0B-9864-E848B0103E8A}"
EndProject
Global
	GlobalSection(SolutionConfigurationPlatforms) = preSolution
		Debug|Any CPU = Debug|Any CPU
		Release|Any CPU = Release|Any CPU
	EndGlobalSection
	GlobalSection(ProjectConfigurationPlatforms) = postSolution
		{7E66D855-4FAC-4A0B-9864-E848B0103E8A}.Debug|Any CPU.ActiveCfg = Debug|Any CPU
		{7E66D855-4FAC-4A0B-9864-E848B0103E8A}.Debug|Any CPU.Build.0 = Debug|Any CPU
		{7E66D855-4FAC-4A0B-9864-E848B0103E8A}.Release|Any CPU.ActiveCfg = Release|Any CPU
		{7E66D855-4FAC-4A0B-9864-E848B0103E8A}.Release|Any CPU.Build.0 = Release|Any CPU
	EndGlobalSection
	GlobalSection(SolutionProperties) = preSolution
		HideSolutionNode = FALSE
	EndGlobalSection
	GlobalSection(ExtensibilityGlobals) = postSolution
		SolutionGuid = {6647CAA3-6787-4083-88B2-194CB11F924E}
	EndGlobalSection
EndGlobal
