
Microsoft Visual Studio Solution File, Format Version 12.00
# Visual Studio 15
VisualStudioVersion = 15.0.27703.2000
MinimumVisualStudioVersion = 10.0.40219.1
Project("{FAE04EC0-301F-11D3-BF4B-00C04F79EFBC}") = "ConsoleApp88", "ConsoleApp88\ConsoleApp88.csproj", "{B7E6D366-32F1-4E41-A422-2E592EF393EC}"
EndProject
Global
	GlobalSection(SolutionConfigurationPlatforms) = preSolution
		Debug|Any CPU = Debug|Any CPU
		Release|Any CPU = Release|Any CPU
	EndGlobalSection
	GlobalSection(ProjectConfigurationPlatforms) = postSolution
		{B7E6D366-32F1-4E41-A422-2E592EF393EC}.Debug|Any CPU.ActiveCfg = Debug|Any CPU
		{B7E6D366-32F1-4E41-A422-2E592EF393EC}.Debug|Any CPU.Build.0 = Debug|Any CPU
		{B7E6D366-32F1-4E41-A422-2E592EF393EC}.Release|Any CPU.ActiveCfg = Release|Any CPU
		{B7E6D366-32F1-4E41-A422-2E592EF393EC}.Release|Any CPU.Build.0 = Release|Any CPU
	EndGlobalSection
	GlobalSection(SolutionProperties) = preSolution
		HideSolutionNode = FALSE
	EndGlobalSection
	GlobalSection(ExtensibilityGlobals) = postSolution
		SolutionGuid = {F9DB04F7-2954-46A0-A93B-01B83E2388F6}
	EndGlobalSection
EndGlobal
