
Microsoft Visual Studio Solution File, Format Version 12.00
# Visual Studio 15
VisualStudioVersion = 15.0.27703.2000
MinimumVisualStudioVersion = 10.0.40219.1
Project("{FAE04EC0-301F-11D3-BF4B-00C04F79EFBC}") = "ToTheCenter", "ToTheCenter\ToTheCenter.csproj", "{34DC56C5-64F2-424E-B431-F594FDBAB7BD}"
EndProject
Global
	GlobalSection(SolutionConfigurationPlatforms) = preSolution
		Debug|Any CPU = Debug|Any CPU
		Release|Any CPU = Release|Any CPU
	EndGlobalSection
	GlobalSection(ProjectConfigurationPlatforms) = postSolution
		{34DC56C5-64F2-424E-B431-F594FDBAB7BD}.Debug|Any CPU.ActiveCfg = Debug|Any CPU
		{34DC56C5-64F2-424E-B431-F594FDBAB7BD}.Debug|Any CPU.Build.0 = Debug|Any CPU
		{34DC56C5-64F2-424E-B431-F594FDBAB7BD}.Release|Any CPU.ActiveCfg = Release|Any CPU
		{34DC56C5-64F2-424E-B431-F594FDBAB7BD}.Release|Any CPU.Build.0 = Release|Any CPU
	EndGlobalSection
	GlobalSection(SolutionProperties) = preSolution
		HideSolutionNode = FALSE
	EndGlobalSection
	GlobalSection(ExtensibilityGlobals) = postSolution
		SolutionGuid = {552F81DA-9FBE-4B86-942A-4B6723FAE223}
	EndGlobalSection
EndGlobal
