
Microsoft Visual Studio Solution File, Format Version 12.00
# Visual Studio 15
VisualStudioVersion = 15.0.27703.2000
MinimumVisualStudioVersion = 10.0.40219.1
Project("{FAE04EC0-301F-11D3-BF4B-00C04F79EFBC}") = "3", "3\3.csproj", "{0E7E9E90-E731-4945-BAB3-8ED9A2FB261E}"
EndProject
Global
	GlobalSection(SolutionConfigurationPlatforms) = preSolution
		Debug|Any CPU = Debug|Any CPU
		Release|Any CPU = Release|Any CPU
	EndGlobalSection
	GlobalSection(ProjectConfigurationPlatforms) = postSolution
		{0E7E9E90-E731-4945-BAB3-8ED9A2FB261E}.Debug|Any CPU.ActiveCfg = Debug|Any CPU
		{0E7E9E90-E731-4945-BAB3-8ED9A2FB261E}.Debug|Any CPU.Build.0 = Debug|Any CPU
		{0E7E9E90-E731-4945-BAB3-8ED9A2FB261E}.Release|Any CPU.ActiveCfg = Release|Any CPU
		{0E7E9E90-E731-4945-BAB3-8ED9A2FB261E}.Release|Any CPU.Build.0 = Release|Any CPU
	EndGlobalSection
	GlobalSection(SolutionProperties) = preSolution
		HideSolutionNode = FALSE
	EndGlobalSection
	GlobalSection(ExtensibilityGlobals) = postSolution
		SolutionGuid = {9746A2C0-14EB-4263-A7DB-B6833916CD7A}
	EndGlobalSection
EndGlobal
