
Microsoft Visual Studio Solution File, Format Version 12.00
# Visual Studio 15
VisualStudioVersion = 15.0.27703.2035
MinimumVisualStudioVersion = 10.0.40219.1
Project("{FAE04EC0-301F-11D3-BF4B-00C04F79EFBC}") = "DbFirstPractice", "DbFirstPractice\DbFirstPractice.csproj", "{1B9103A5-E07C-46AD-A984-E35ED920E95D}"
EndProject
Global
	GlobalSection(SolutionConfigurationPlatforms) = preSolution
		Debug|Any CPU = Debug|Any CPU
		Release|Any CPU = Release|Any CPU
	EndGlobalSection
	GlobalSection(ProjectConfigurationPlatforms) = postSolution
		{1B9103A5-E07C-46AD-A984-E35ED920E95D}.Debug|Any CPU.ActiveCfg = Debug|Any CPU
		{1B9103A5-E07C-46AD-A984-E35ED920E95D}.Debug|Any CPU.Build.0 = Debug|Any CPU
		{1B9103A5-E07C-46AD-A984-E35ED920E95D}.Release|Any CPU.ActiveCfg = Release|Any CPU
		{1B9103A5-E07C-46AD-A984-E35ED920E95D}.Release|Any CPU.Build.0 = Release|Any CPU
	EndGlobalSection
	GlobalSection(SolutionProperties) = preSolution
		HideSolutionNode = FALSE
	EndGlobalSection
	GlobalSection(ExtensibilityGlobals) = postSolution
		SolutionGuid = {E9C153C2-6707-4E0D-A93A-0A2B8B2F06A4}
	EndGlobalSection
EndGlobal
