
Microsoft Visual Studio Solution File, Format Version 12.00
# Visual Studio 15
VisualStudioVersion = 15.0.27703.2000
MinimumVisualStudioVersion = 10.0.40219.1
Project("{FAE04EC0-301F-11D3-BF4B-00C04F79EFBC}") = "Fields", "Fields\Fields.csproj", "{C09A17B0-1803-4125-8124-EE3159116631}"
EndProject
Global
	GlobalSection(SolutionConfigurationPlatforms) = preSolution
		Debug|Any CPU = Debug|Any CPU
		Release|Any CPU = Release|Any CPU
	EndGlobalSection
	GlobalSection(ProjectConfigurationPlatforms) = postSolution
		{C09A17B0-1803-4125-8124-EE3159116631}.Debug|Any CPU.ActiveCfg = Debug|Any CPU
		{C09A17B0-1803-4125-8124-EE3159116631}.Debug|Any CPU.Build.0 = Debug|Any CPU
		{C09A17B0-1803-4125-8124-EE3159116631}.Release|Any CPU.ActiveCfg = Release|Any CPU
		{C09A17B0-1803-4125-8124-EE3159116631}.Release|Any CPU.Build.0 = Release|Any CPU
	EndGlobalSection
	GlobalSection(SolutionProperties) = preSolution
		HideSolutionNode = FALSE
	EndGlobalSection
	GlobalSection(ExtensibilityGlobals) = postSolution
		SolutionGuid = {28F12D0D-C823-4FA7-8673-8553A40E7E0F}
	EndGlobalSection
EndGlobal
