
Microsoft Visual Studio Solution File, Format Version 12.00
# Visual Studio 15
VisualStudioVersion = 15.0.27703.2000
MinimumVisualStudioVersion = 10.0.40219.1
Project("{FAE04EC0-301F-11D3-BF4B-00C04F79EFBC}") = "ConsoleApp23", "ConsoleApp23\ConsoleApp23.csproj", "{EB0B589A-948B-48E4-AC54-9D09AAC30FBB}"
EndProject
Global
	GlobalSection(SolutionConfigurationPlatforms) = preSolution
		Debug|Any CPU = Debug|Any CPU
		Release|Any CPU = Release|Any CPU
	EndGlobalSection
	GlobalSection(ProjectConfigurationPlatforms) = postSolution
		{EB0B589A-948B-48E4-AC54-9D09AAC30FBB}.Debug|Any CPU.ActiveCfg = Debug|Any CPU
		{EB0B589A-948B-48E4-AC54-9D09AAC30FBB}.Debug|Any CPU.Build.0 = Debug|Any CPU
		{EB0B589A-948B-48E4-AC54-9D09AAC30FBB}.Release|Any CPU.ActiveCfg = Release|Any CPU
		{EB0B589A-948B-48E4-AC54-9D09AAC30FBB}.Release|Any CPU.Build.0 = Release|Any CPU
	EndGlobalSection
	GlobalSection(SolutionProperties) = preSolution
		HideSolutionNode = FALSE
	EndGlobalSection
	GlobalSection(ExtensibilityGlobals) = postSolution
		SolutionGuid = {D38B4C78-077E-49C6-AA0B-5E5B3EE60A8E}
	EndGlobalSection
EndGlobal
