
Microsoft Visual Studio Solution File, Format Version 12.00
# Visual Studio 15
VisualStudioVersion = 15.0.27703.2000
MinimumVisualStudioVersion = 10.0.40219.1
Project("{FAE04EC0-301F-11D3-BF4B-00C04F79EFBC}") = "ConsoleApp8", "ConsoleApp8\ConsoleApp8.csproj", "{5A88F68E-C29C-487C-9C2D-0F16B4F0F877}"
EndProject
Global
	GlobalSection(SolutionConfigurationPlatforms) = preSolution
		Debug|Any CPU = Debug|Any CPU
		Release|Any CPU = Release|Any CPU
	EndGlobalSection
	GlobalSection(ProjectConfigurationPlatforms) = postSolution
		{5A88F68E-C29C-487C-9C2D-0F16B4F0F877}.Debug|Any CPU.ActiveCfg = Debug|Any CPU
		{5A88F68E-C29C-487C-9C2D-0F16B4F0F877}.Debug|Any CPU.Build.0 = Debug|Any CPU
		{5A88F68E-C29C-487C-9C2D-0F16B4F0F877}.Release|Any CPU.ActiveCfg = Release|Any CPU
		{5A88F68E-C29C-487C-9C2D-0F16B4F0F877}.Release|Any CPU.Build.0 = Release|Any CPU
	EndGlobalSection
	GlobalSection(SolutionProperties) = preSolution
		HideSolutionNode = FALSE
	EndGlobalSection
	GlobalSection(ExtensibilityGlobals) = postSolution
		SolutionGuid = {4F6E3669-4616-484E-A67E-8B70D9FA5186}
	EndGlobalSection
EndGlobal
