
Microsoft Visual Studio Solution File, Format Version 12.00
# Visual Studio 15
VisualStudioVersion = 15.0.27703.2035
MinimumVisualStudioVersion = 10.0.40219.1
Project("{FAE04EC0-301F-11D3-BF4B-00C04F79EFBC}") = "Practice", "Practice\Practice.csproj", "{36D79156-CE8E-4BA2-A80F-4B1C2CD4139B}"
EndProject
Global
	GlobalSection(SolutionConfigurationPlatforms) = preSolution
		Debug|Any CPU = Debug|Any CPU
		Release|Any CPU = Release|Any CPU
	EndGlobalSection
	GlobalSection(ProjectConfigurationPlatforms) = postSolution
		{36D79156-CE8E-4BA2-A80F-4B1C2CD4139B}.Debug|Any CPU.ActiveCfg = Debug|Any CPU
		{36D79156-CE8E-4BA2-A80F-4B1C2CD4139B}.Debug|Any CPU.Build.0 = Debug|Any CPU
		{36D79156-CE8E-4BA2-A80F-4B1C2CD4139B}.Release|Any CPU.ActiveCfg = Release|Any CPU
		{36D79156-CE8E-4BA2-A80F-4B1C2CD4139B}.Release|Any CPU.Build.0 = Release|Any CPU
	EndGlobalSection
	GlobalSection(SolutionProperties) = preSolution
		HideSolutionNode = FALSE
	EndGlobalSection
	GlobalSection(ExtensibilityGlobals) = postSolution
		SolutionGuid = {D827BC06-4164-48B1-BC2D-1FFA31057D4D}
	EndGlobalSection
EndGlobal
