
Microsoft Visual Studio Solution File, Format Version 12.00
# Visual Studio 15
VisualStudioVersion = 15.0.27703.2000
MinimumVisualStudioVersion = 10.0.40219.1
Project("{FAE04EC0-301F-11D3-BF4B-00C04F79EFBC}") = "ConsoleApp55", "ConsoleApp55\ConsoleApp55.csproj", "{D20A9080-7F25-47E1-8A03-757EC2AFAA6E}"
EndProject
Global
	GlobalSection(SolutionConfigurationPlatforms) = preSolution
		Debug|Any CPU = Debug|Any CPU
		Release|Any CPU = Release|Any CPU
	EndGlobalSection
	GlobalSection(ProjectConfigurationPlatforms) = postSolution
		{D20A9080-7F25-47E1-8A03-757EC2AFAA6E}.Debug|Any CPU.ActiveCfg = Debug|Any CPU
		{D20A9080-7F25-47E1-8A03-757EC2AFAA6E}.Debug|Any CPU.Build.0 = Debug|Any CPU
		{D20A9080-7F25-47E1-8A03-757EC2AFAA6E}.Release|Any CPU.ActiveCfg = Release|Any CPU
		{D20A9080-7F25-47E1-8A03-757EC2AFAA6E}.Release|Any CPU.Build.0 = Release|Any CPU
	EndGlobalSection
	GlobalSection(SolutionProperties) = preSolution
		HideSolutionNode = FALSE
	EndGlobalSection
	GlobalSection(ExtensibilityGlobals) = postSolution
		SolutionGuid = {CD582605-522C-4102-A242-22B82EACAF23}
	EndGlobalSection
EndGlobal
