
Microsoft Visual Studio Solution File, Format Version 12.00
# Visual Studio 15
VisualStudioVersion = 15.0.27703.2000
MinimumVisualStudioVersion = 10.0.40219.1
Project("{FAE04EC0-301F-11D3-BF4B-00C04F79EFBC}") = "ConsoleApp50", "ConsoleApp50\ConsoleApp50.csproj", "{29F30FAF-94A9-4EEB-8A4A-6C11708AB6E7}"
EndProject
Global
	GlobalSection(SolutionConfigurationPlatforms) = preSolution
		Debug|Any CPU = Debug|Any CPU
		Release|Any CPU = Release|Any CPU
	EndGlobalSection
	GlobalSection(ProjectConfigurationPlatforms) = postSolution
		{29F30FAF-94A9-4EEB-8A4A-6C11708AB6E7}.Debug|Any CPU.ActiveCfg = Debug|Any CPU
		{29F30FAF-94A9-4EEB-8A4A-6C11708AB6E7}.Debug|Any CPU.Build.0 = Debug|Any CPU
		{29F30FAF-94A9-4EEB-8A4A-6C11708AB6E7}.Release|Any CPU.ActiveCfg = Release|Any CPU
		{29F30FAF-94A9-4EEB-8A4A-6C11708AB6E7}.Release|Any CPU.Build.0 = Release|Any CPU
	EndGlobalSection
	GlobalSection(SolutionProperties) = preSolution
		HideSolutionNode = FALSE
	EndGlobalSection
	GlobalSection(ExtensibilityGlobals) = postSolution
		SolutionGuid = {7CA181A8-79BF-46D9-AAAC-C3B8119282D7}
	EndGlobalSection
EndGlobal
