
Microsoft Visual Studio Solution File, Format Version 12.00
# Visual Studio 15
VisualStudioVersion = 15.0.27703.2000
MinimumVisualStudioVersion = 10.0.40219.1
Project("{FAE04EC0-301F-11D3-BF4B-00C04F79EFBC}") = "first-csharp", "first-csharp\first-csharp.csproj", "{0608C722-5890-4925-8AA6-BDE75F3D686C}"
EndProject
Global
	GlobalSection(SolutionConfigurationPlatforms) = preSolution
		Debug|Any CPU = Debug|Any CPU
		Release|Any CPU = Release|Any CPU
	EndGlobalSection
	GlobalSection(ProjectConfigurationPlatforms) = postSolution
		{0608C722-5890-4925-8AA6-BDE75F3D686C}.Debug|Any CPU.ActiveCfg = Debug|Any CPU
		{0608C722-5890-4925-8AA6-BDE75F3D686C}.Debug|Any CPU.Build.0 = Debug|Any CPU
		{0608C722-5890-4925-8AA6-BDE75F3D686C}.Release|Any CPU.ActiveCfg = Release|Any CPU
		{0608C722-5890-4925-8AA6-BDE75F3D686C}.Release|Any CPU.Build.0 = Release|Any CPU
	EndGlobalSection
	GlobalSection(SolutionProperties) = preSolution
		HideSolutionNode = FALSE
	EndGlobalSection
	GlobalSection(ExtensibilityGlobals) = postSolution
		SolutionGuid = {E8F06B31-78EE-48C1-8705-BD13715D896E}
	EndGlobalSection
EndGlobal
