
Microsoft Visual Studio Solution File, Format Version 12.00
# Visual Studio 15
VisualStudioVersion = 15.0.27703.2000
MinimumVisualStudioVersion = 10.0.40219.1
Project("{FAE04EC0-301F-11D3-BF4B-00C04F79EFBC}") = "BunniesAgain", "BunniesAgain\BunniesAgain.csproj", "{F369A179-21BA-4125-8A6D-960C52A01752}"
EndProject
Global
	GlobalSection(SolutionConfigurationPlatforms) = preSolution
		Debug|Any CPU = Debug|Any CPU
		Release|Any CPU = Release|Any CPU
	EndGlobalSection
	GlobalSection(ProjectConfigurationPlatforms) = postSolution
		{F369A179-21BA-4125-8A6D-960C52A01752}.Debug|Any CPU.ActiveCfg = Debug|Any CPU
		{F369A179-21BA-4125-8A6D-960C52A01752}.Debug|Any CPU.Build.0 = Debug|Any CPU
		{F369A179-21BA-4125-8A6D-960C52A01752}.Release|Any CPU.ActiveCfg = Release|Any CPU
		{F369A179-21BA-4125-8A6D-960C52A01752}.Release|Any CPU.Build.0 = Release|Any CPU
	EndGlobalSection
	GlobalSection(SolutionProperties) = preSolution
		HideSolutionNode = FALSE
	EndGlobalSection
	GlobalSection(ExtensibilityGlobals) = postSolution
		SolutionGuid = {65A20ED3-A894-4EBA-8B36-A81E5AA95761}
	EndGlobalSection
EndGlobal
