
Microsoft Visual Studio Solution File, Format Version 12.00
# Visual Studio 15
VisualStudioVersion = 15.0.27703.2000
MinimumVisualStudioVersion = 10.0.40219.1
Project("{FAE04EC0-301F-11D3-BF4B-00C04F79EFBC}") = "Animal-protection", "Animal-protection\Animal-protection.csproj", "{9C92208D-6B04-46F2-9DD3-A3335B522F69}"
EndProject
Global
	GlobalSection(SolutionConfigurationPlatforms) = preSolution
		Debug|Any CPU = Debug|Any CPU
		Release|Any CPU = Release|Any CPU
	EndGlobalSection
	GlobalSection(ProjectConfigurationPlatforms) = postSolution
		{9C92208D-6B04-46F2-9DD3-A3335B522F69}.Debug|Any CPU.ActiveCfg = Debug|Any CPU
		{9C92208D-6B04-46F2-9DD3-A3335B522F69}.Debug|Any CPU.Build.0 = Debug|Any CPU
		{9C92208D-6B04-46F2-9DD3-A3335B522F69}.Release|Any CPU.ActiveCfg = Release|Any CPU
		{9C92208D-6B04-46F2-9DD3-A3335B522F69}.Release|Any CPU.Build.0 = Release|Any CPU
	EndGlobalSection
	GlobalSection(SolutionProperties) = preSolution
		HideSolutionNode = FALSE
	EndGlobalSection
	GlobalSection(ExtensibilityGlobals) = postSolution
		SolutionGuid = {46110F0B-1C37-46C8-9847-65ECB462E47F}
	EndGlobalSection
EndGlobal
