
Microsoft Visual Studio Solution File, Format Version 12.00
# Visual Studio 15
VisualStudioVersion = 15.0.27703.2035
MinimumVisualStudioVersion = 10.0.40219.1
Project("{FAE04EC0-301F-11D3-BF4B-00C04F79EFBC}") = "GreetSomeone", "GreetSomeone\GreetSomeone.csproj", "{E57FD126-BC17-4D2F-BDA7-B02F3810E820}"
EndProject
Global
	GlobalSection(SolutionConfigurationPlatforms) = preSolution
		Debug|Any CPU = Debug|Any CPU
		Release|Any CPU = Release|Any CPU
	EndGlobalSection
	GlobalSection(ProjectConfigurationPlatforms) = postSolution
		{E57FD126-BC17-4D2F-BDA7-B02F3810E820}.Debug|Any CPU.ActiveCfg = Debug|Any CPU
		{E57FD126-BC17-4D2F-BDA7-B02F3810E820}.Debug|Any CPU.Build.0 = Debug|Any CPU
		{E57FD126-BC17-4D2F-BDA7-B02F3810E820}.Release|Any CPU.ActiveCfg = Release|Any CPU
		{E57FD126-BC17-4D2F-BDA7-B02F3810E820}.Release|Any CPU.Build.0 = Release|Any CPU
	EndGlobalSection
	GlobalSection(SolutionProperties) = preSolution
		HideSolutionNode = FALSE
	EndGlobalSection
	GlobalSection(ExtensibilityGlobals) = postSolution
		SolutionGuid = {A3748D17-D375-4F06-9DA8-8B67F8C1550F}
	EndGlobalSection
EndGlobal
