
Microsoft Visual Studio Solution File, Format Version 12.00
# Visual Studio 15
VisualStudioVersion = 15.0.27703.2000
MinimumVisualStudioVersion = 10.0.40219.1
Project("{FAE04EC0-301F-11D3-BF4B-00C04F79EFBC}") = "ConsoleApp93", "ConsoleApp93\ConsoleApp93.csproj", "{2F307B35-D711-4096-959C-FF1C57F2E07D}"
EndProject
Project("{FAE04EC0-301F-11D3-BF4B-00C04F79EFBC}") = "TestEnvironment1", "TestEnvironment1\TestEnvironment1.csproj", "{58AED89A-8201-4EFB-A057-C0C197E7BCBF}"
EndProject
Global
	GlobalSection(SolutionConfigurationPlatforms) = preSolution
		Debug|Any CPU = Debug|Any CPU
		Release|Any CPU = Release|Any CPU
	EndGlobalSection
	GlobalSection(ProjectConfigurationPlatforms) = postSolution
		{2F307B35-D711-4096-959C-FF1C57F2E07D}.Debug|Any CPU.ActiveCfg = Debug|Any CPU
		{2F307B35-D711-4096-959C-FF1C57F2E07D}.Debug|Any CPU.Build.0 = Debug|Any CPU
		{2F307B35-D711-4096-959C-FF1C57F2E07D}.Release|Any CPU.ActiveCfg = Release|Any CPU
		{2F307B35-D711-4096-959C-FF1C57F2E07D}.Release|Any CPU.Build.0 = Release|Any CPU
		{58AED89A-8201-4EFB-A057-C0C197E7BCBF}.Debug|Any CPU.ActiveCfg = Debug|Any CPU
		{58AED89A-8201-4EFB-A057-C0C197E7BCBF}.Debug|Any CPU.Build.0 = Debug|Any CPU
		{58AED89A-8201-4EFB-A057-C0C197E7BCBF}.Release|Any CPU.ActiveCfg = Release|Any CPU
		{58AED89A-8201-4EFB-A057-C0C197E7BCBF}.Release|Any CPU.Build.0 = Release|Any CPU
	EndGlobalSection
	GlobalSection(SolutionProperties) = preSolution
		HideSolutionNode = FALSE
	EndGlobalSection
	GlobalSection(ExtensibilityGlobals) = postSolution
		SolutionGuid = {D3FB6215-91CF-4907-A370-F33B77C6DAD7}
	EndGlobalSection
EndGlobal
