
Microsoft Visual Studio Solution File, Format Version 12.00
# Visual Studio 15
VisualStudioVersion = 15.0.27703.2000
MinimumVisualStudioVersion = 10.0.40219.1
Project("{FAE04EC0-301F-11D3-BF4B-00C04F79EFBC}") = "4", "4\4.csproj", "{1453A147-6721-4E42-BC8C-7FB454E35BBD}"
EndProject
Global
	GlobalSection(SolutionConfigurationPlatforms) = preSolution
		Debug|Any CPU = Debug|Any CPU
		Release|Any CPU = Release|Any CPU
	EndGlobalSection
	GlobalSection(ProjectConfigurationPlatforms) = postSolution
		{1453A147-6721-4E42-BC8C-7FB454E35BBD}.Debug|Any CPU.ActiveCfg = Debug|Any CPU
		{1453A147-6721-4E42-BC8C-7FB454E35BBD}.Debug|Any CPU.Build.0 = Debug|Any CPU
		{1453A147-6721-4E42-BC8C-7FB454E35BBD}.Release|Any CPU.ActiveCfg = Release|Any CPU
		{1453A147-6721-4E42-BC8C-7FB454E35BBD}.Release|Any CPU.Build.0 = Release|Any CPU
	EndGlobalSection
	GlobalSection(SolutionProperties) = preSolution
		HideSolutionNode = FALSE
	EndGlobalSection
	GlobalSection(ExtensibilityGlobals) = postSolution
		SolutionGuid = {6A875AA6-4F90-4565-8B4F-321160CE152F}
	EndGlobalSection
EndGlobal
