
Microsoft Visual Studio Solution File, Format Version 12.00
# Visual Studio 15
VisualStudioVersion = 15.0.27703.2000
MinimumVisualStudioVersion = 10.0.40219.1
Project("{FAE04EC0-301F-11D3-BF4B-00C04F79EFBC}") = "NumberAdder", "NumberAdder\NumberAdder.csproj", "{EDC1A8CF-5853-4E80-B7AE-B44B5435DE7E}"
EndProject
Global
	GlobalSection(SolutionConfigurationPlatforms) = preSolution
		Debug|Any CPU = Debug|Any CPU
		Release|Any CPU = Release|Any CPU
	EndGlobalSection
	GlobalSection(ProjectConfigurationPlatforms) = postSolution
		{EDC1A8CF-5853-4E80-B7AE-B44B5435DE7E}.Debug|Any CPU.ActiveCfg = Debug|Any CPU
		{EDC1A8CF-5853-4E80-B7AE-B44B5435DE7E}.Debug|Any CPU.Build.0 = Debug|Any CPU
		{EDC1A8CF-5853-4E80-B7AE-B44B5435DE7E}.Release|Any CPU.ActiveCfg = Release|Any CPU
		{EDC1A8CF-5853-4E80-B7AE-B44B5435DE7E}.Release|Any CPU.Build.0 = Release|Any CPU
	EndGlobalSection
	GlobalSection(SolutionProperties) = preSolution
		HideSolutionNode = FALSE
	EndGlobalSection
	GlobalSection(ExtensibilityGlobals) = postSolution
		SolutionGuid = {C6141DA1-FD8D-4A8A-8312-A0B027CD3000}
	EndGlobalSection
EndGlobal
